// !$*UTF8*$!
{
	archiveVersion = 1;
	classes = {
	};
	objectVersion = 50;
	objects = {

/* Begin PBXBuildFile section */
		AA10E64124ECAA0700393D09 /* JokeViewModel.swift in Sources */ = {isa = PBXBuildFile; fileRef = AA10E64024ECAA0700393D09 /* JokeViewModel.swift */; };
		AABE14F824EC83BE000541AE /* AppDelegate.swift in Sources */ = {isa = PBXBuildFile; fileRef = AABE14F724EC83BE000541AE /* AppDelegate.swift */; };
		AABE14FA24EC83BE000541AE /* SceneDelegate.swift in Sources */ = {isa = PBXBuildFile; fileRef = AABE14F924EC83BE000541AE /* SceneDelegate.swift */; };
		AABE14FC24EC83BE000541AE /* ContentView.swift in Sources */ = {isa = PBXBuildFile; fileRef = AABE14FB24EC83BE000541AE /* ContentView.swift */; };
		AABE14FE24EC83C1000541AE /* Assets.xcassets in Resources */ = {isa = PBXBuildFile; fileRef = AABE14FD24EC83C1000541AE /* Assets.xcassets */; };
		AABE150124EC83C1000541AE /* Preview Assets.xcassets in Resources */ = {isa = PBXBuildFile; fileRef = AABE150024EC83C1000541AE /* Preview Assets.xcassets */; };
		AABE150424EC83C1000541AE /* LaunchScreen.storyboard in Resources */ = {isa = PBXBuildFile; fileRef = AABE150224EC83C1000541AE /* LaunchScreen.storyboard */; };
		AABE151024EC846A000541AE /* NetworkManager.swift in Sources */ = {isa = PBXBuildFile; fileRef = AABE150F24EC846A000541AE /* NetworkManager.swift */; };
		AABE151224EC84BF000541AE /* Joke.swift in Sources */ = {isa = PBXBuildFile; fileRef = AABE151124EC84BF000541AE /* Joke.swift */; };
/* End PBXBuildFile section */

/* Begin PBXFileReference section */
		AA10E64024ECAA0700393D09 /* JokeViewModel.swift */ = {isa = PBXFileReference; lastKnownFileType = sourcecode.swift; path = JokeViewModel.swift; sourceTree = "<group>"; };
		AABE14F424EC83BE000541AE /* SwiftyJokes.app */ = {isa = PBXFileReference; explicitFileType = wrapper.application; includeInIndex = 0; path = SwiftyJokes.app; sourceTree = BUILT_PRODUCTS_DIR; };
		AABE14F724EC83BE000541AE /* AppDelegate.swift */ = {isa = PBXFileReference; lastKnownFileType = sourcecode.swift; path = AppDelegate.swift; sourceTree = "<group>"; };
		AABE14F924EC83BE000541AE /* SceneDelegate.swift */ = {isa = PBXFileReference; lastKnownFileType = sourcecode.swift; path = SceneDelegate.swift; sourceTree = "<group>"; };
		AABE14FB24EC83BE000541AE /* ContentView.swift */ = {isa = PBXFileReference; lastKnownFileType = sourcecode.swift; path = ContentView.swift; sourceTree = "<group>"; };
		AABE14FD24EC83C1000541AE /* Assets.xcassets */ = {isa = PBXFileReference; lastKnownFileType = folder.assetcatalog; path = Assets.xcassets; sourceTree = "<group>"; };
		AABE150024EC83C1000541AE /* Preview Assets.xcassets */ = {isa = PBXFileReference; lastKnownFileType = folder.assetcatalog; path = "Preview Assets.xcassets"; sourceTree = "<group>"; };
		AABE150324EC83C1000541AE /* Base */ = {isa = PBXFileReference; lastKnownFileType = file.storyboard; name = Base; path = Base.lproj/LaunchScreen.storyboard; sourceTree = "<group>"; };
		AABE150524EC83C1000541AE /* Info.plist */ = {isa = PBXFileReference; lastKnownFileType = text.plist.xml; path = Info.plist; sourceTree = "<group>"; };
		AABE150F24EC846A000541AE /* NetworkManager.swift */ = {isa = PBXFileReference; lastKnownFileType = sourcecode.swift; path = NetworkManager.swift; sourceTree = "<group>"; };
		AABE151124EC84BF000541AE /* Joke.swift */ = {isa = PBXFileReference; lastKnownFileType = sourcecode.swift; path = Joke.swift; sourceTree = "<group>"; };
/* End PBXFileReference section */

/* Begin PBXFrameworksBuildPhase section */
		AABE14F124EC83BE000541AE /* Frameworks */ = {
			isa = PBXFrameworksBuildPhase;
			buildActionMask = 2147483647;
			files = (
			);
			runOnlyForDeploymentPostprocessing = 0;
		};
/* End PBXFrameworksBuildPhase section */

/* Begin PBXGroup section */
		AABE14EB24EC83BE000541AE = {
			isa = PBXGroup;
			children = (
				AABE14F624EC83BE000541AE /* SwiftyJokes */,
				AABE14F524EC83BE000541AE /* Products */,
			);
			sourceTree = "<group>";
		};
		AABE14F524EC83BE000541AE /* Products */ = {
			isa = PBXGroup;
			children = (
				AABE14F424EC83BE000541AE /* SwiftyJokes.app */,
			);
			name = Products;
			sourceTree = "<group>";
		};
		AABE14F624EC83BE000541AE /* SwiftyJokes */ = {
			isa = PBXGroup;
			children = (
				AABE150B24EC83EC000541AE /* Managers */,
				AABE150D24EC8403000541AE /* ViewModels */,
				AABE150C24EC83F4000541AE /* Models */,
				AABE150E24EC840A000541AE /* Views */,
				AABE14F724EC83BE000541AE /* AppDelegate.swift */,
				AABE14F924EC83BE000541AE /* SceneDelegate.swift */,
				AABE14FD24EC83C1000541AE /* Assets.xcassets */,
				AABE150224EC83C1000541AE /* LaunchScreen.storyboard */,
				AABE150524EC83C1000541AE /* Info.plist */,
				AABE14FF24EC83C1000541AE /* Preview Content */,
			);
			path = SwiftyJokes;
			sourceTree = "<group>";
		};
		AABE14FF24EC83C1000541AE /* Preview Content */ = {
			isa = PBXGroup;
			children = (
				AABE150024EC83C1000541AE /* Preview Assets.xcassets */,
			);
			path = "Preview Content";
			sourceTree = "<group>";
		};
		AABE150B24EC83EC000541AE /* Managers */ = {
			isa = PBXGroup;
			children = (
				AABE150F24EC846A000541AE /* NetworkManager.swift */,
			);
			path = Managers;
			sourceTree = "<group>";
		};
		AABE150C24EC83F4000541AE /* Models */ = {
			isa = PBXGroup;
			children = (
				AABE151124EC84BF000541AE /* Joke.swift */,
			);
			path = Models;
			sourceTree = "<group>";
		};
		AABE150D24EC8403000541AE /* ViewModels */ = {
			isa = PBXGroup;
			children = (
				AA10E64024ECAA0700393D09 /* JokeViewModel.swift */,
			);
			path = ViewModels;
			sourceTree = "<group>";
		};
		AABE150E24EC840A000541AE /* Views */ = {
			isa = PBXGroup;
			children = (
				AABE14FB24EC83BE000541AE /* ContentView.swift */,
			);
			path = Views;
			sourceTree = "<group>";
		};
/* End PBXGroup section */

/* Begin PBXNativeTarget section */
		AABE14F324EC83BE000541AE /* SwiftyJokes */ = {
			isa = PBXNativeTarget;
			buildConfigurationList = AABE150824EC83C1000541AE /* Build configuration list for PBXNativeTarget "SwiftyJokes" */;
			buildPhases = (
				AABE14F024EC83BE000541AE /* Sources */,
				AABE14F124EC83BE000541AE /* Frameworks */,
				AABE14F224EC83BE000541AE /* Resources */,
			);
			buildRules = (
			);
			dependencies = (
			);
			name = SwiftyJokes;
			productName = SwiftyJokes;
			productReference = AABE14F424EC83BE000541AE /* SwiftyJokes.app */;
			productType = "com.apple.product-type.application";
		};
/* End PBXNativeTarget section */

/* Begin PBXProject section */
		AABE14EC24EC83BE000541AE /* Project object */ = {
			isa = PBXProject;
			attributes = {
				LastSwiftUpdateCheck = 1160;
				LastUpgradeCheck = 1160;
				ORGANIZATIONNAME = "Mark Henrich";
				TargetAttributes = {
					AABE14F324EC83BE000541AE = {
						CreatedOnToolsVersion = 11.6;
					};
				};
			};
			buildConfigurationList = AABE14EF24EC83BE000541AE /* Build configuration list for PBXProject "SwiftyJokes" */;
			compatibilityVersion = "Xcode 9.3";
			developmentRegion = en;
			hasScannedForEncodings = 0;
			knownRegions = (
				en,
				Base,
			);
			mainGroup = AABE14EB24EC83BE000541AE;
			productRefGroup = AABE14F524EC83BE000541AE /* Products */;
			projectDirPath = "";
			projectRoot = "";
			targets = (
				AABE14F324EC83BE000541AE /* SwiftyJokes */,
			);
		};
/* End PBXProject section */

/* Begin PBXResourcesBuildPhase section */
		AABE14F224EC83BE000541AE /* Resources */ = {
			isa = PBXResourcesBuildPhase;
			buildActionMask = 2147483647;
			files = (
				AABE150424EC83C1000541AE /* LaunchScreen.storyboard in Resources */,
				AABE150124EC83C1000541AE /* Preview Assets.xcassets in Resources */,
				AABE14FE24EC83C1000541AE /* Assets.xcassets in Resources */,
			);
			runOnlyForDeploymentPostprocessing = 0;
		};
/* End PBXResourcesBuildPhase section */

/* Begin PBXSourcesBuildPhase section */
		AABE14F024EC83BE000541AE /* Sources */ = {
			isa = PBXSourcesBuildPhase;
			buildActionMask = 2147483647;
			files = (
				AABE151024EC846A000541AE /* NetworkManager.swift in Sources */,
				AA10E64124ECAA0700393D09 /* JokeViewModel.swift in Sources */,
				AABE151224EC84BF000541AE /* Joke.swift in Sources */,
				AABE14F824EC83BE000541AE /* AppDelegate.swift in Sources */,
				AABE14FA24EC83BE000541AE /* SceneDelegate.swift in Sources */,
				AABE14FC24EC83BE000541AE /* ContentView.swift in Sources */,
			);
			runOnlyForDeploymentPostprocessing = 0;
		};
/* End PBXSourcesBuildPhase section */

/* Begin PBXVariantGroup section */
		AABE150224EC83C1000541AE /* LaunchScreen.storyboard */ = {
			isa = PBXVariantGroup;
			children = (
				AABE150324EC83C1000541AE /* Base */,
			);
			name = LaunchScreen.storyboard;
			sourceTree = "<group>";
		};
/* End PBXVariantGroup section */

/* Begin XCBuildConfiguration section */
		AABE150624EC83C1000541AE /* Debug */ = {
			isa = XCBuildConfiguration;
			buildSettings = {
				ALWAYS_SEARCH_USER_PATHS = NO;
				CLANG_ANALYZER_NONNULL = YES;
				CLANG_ANALYZER_NUMBER_OBJECT_CONVERSION = YES_AGGRESSIVE;
				CLANG_CXX_LANGUAGE_STANDARD = "gnu++14";
				CLANG_CXX_LIBRARY = "libc++";
				CLANG_ENABLE_MODULES = YES;
				CLANG_ENABLE_OBJC_ARC = YES;
				CLANG_ENABLE_OBJC_WEAK = YES;
				CLANG_WARN_BLOCK_CAPTURE_AUTORELEASING = YES;
				CLANG_WARN_BOOL_CONVERSION = YES;
				CLANG_WARN_COMMA = YES;
				CLANG_WARN_CONSTANT_CONVERSION = YES;
				CLANG_WARN_DEPRECATED_OBJC_IMPLEMENTATIONS = YES;
				CLANG_WARN_DIRECT_OBJC_ISA_USAGE = YES_ERROR;
				CLANG_WARN_DOCUMENTATION_COMMENTS = YES;
				CLANG_WARN_EMPTY_BODY = YES;
				CLANG_WARN_ENUM_CONVERSION = YES;
				CLANG_WARN_INFINITE_RECURSION = YES;
				CLANG_WARN_INT_CONVERSION = YES;
				CLANG_WARN_NON_LITERAL_NULL_CONVERSION = YES;
				CLANG_WARN_OBJC_IMPLICIT_RETAIN_SELF = YES;
				CLANG_WARN_OBJC_LITERAL_CONVERSION = YES;
				CLANG_WARN_OBJC_ROOT_CLASS = YES_ERROR;
				CLANG_WARN_RANGE_LOOP_ANALYSIS = YES;
				CLANG_WARN_STRICT_PROTOTYPES = YES;
				CLANG_WARN_SUSPICIOUS_MOVE = YES;
				CLANG_WARN_UNGUARDED_AVAILABILITY = YES_AGGRESSIVE;
				CLANG_WARN_UNREACHABLE_CODE = YES;
				CLANG_WARN__DUPLICATE_METHOD_MATCH = YES;
				COPY_PHASE_STRIP = NO;
				DEBUG_INFORMATION_FORMAT = dwarf;
				ENABLE_STRICT_OBJC_MSGSEND = YES;
				ENABLE_TESTABILITY = YES;
				GCC_C_LANGUAGE_STANDARD = gnu11;
				GCC_DYNAMIC_NO_PIC = NO;
				GCC_NO_COMMON_BLOCKS = YES;
				GCC_OPTIMIZATION_LEVEL = 0;
				GCC_PREPROCESSOR_DEFINITIONS = (
					"DEBUG=1",
					"$(inherited)",
				);
				GCC_WARN_64_TO_32_BIT_CONVERSION = YES;
				GCC_WARN_ABOUT_RETURN_TYPE = YES_ERROR;
				GCC_WARN_UNDECLARED_SELECTOR = YES;
				GCC_WARN_UNINITIALIZED_AUTOS = YES_AGGRESSIVE;
				GCC_WARN_UNUSED_FUNCTION = YES;
				GCC_WARN_UNUSED_VARIABLE = YES;
				IPHONEOS_DEPLOYMENT_TARGET = 13.6;
				MTL_ENABLE_DEBUG_INFO = INCLUDE_SOURCE;
				MTL_FAST_MATH = YES;
				ONLY_ACTIVE_ARCH = YES;
				SDKROOT = iphoneos;
				SWIFT_ACTIVE_COMPILATION_CONDITIONS = DEBUG;
				SWIFT_OPTIMIZATION_LEVEL = "-Onone";
			};
			name = Debug;
		};
		AABE150724EC83C1000541AE /* Release */ = {
			isa = XCBuildConfiguration;
			buildSettings = {
				ALWAYS_SEARCH_USER_PATHS = NO;
				CLANG_ANALYZER_NONNULL = YES;
				CLANG_ANALYZER_NUMBER_OBJECT_CONVERSION = YES_AGGRESSIVE;
				CLANG_CXX_LANGUAGE_STANDARD = "gnu++14";
				CLANG_CXX_LIBRARY = "libc++";
				CLANG_ENABLE_MODULES = YES;
				CLANG_ENABLE_OBJC_ARC = YES;
				CLANG_ENABLE_OBJC_WEAK = YES;
				CLANG_WARN_BLOCK_CAPTURE_AUTORELEASING = YES;
				CLANG_WARN_BOOL_CONVERSION = YES;
				CLANG_WARN_COMMA = YES;
				CLANG_WARN_CONSTANT_CONVERSION = YES;
				CLANG_WARN_DEPRECATED_OBJC_IMPLEMENTATIONS = YES;
				CLANG_WARN_DIRECT_OBJC_ISA_USAGE = YES_ERROR;
				CLANG_WARN_DOCUMENTATION_COMMENTS = YES;
				CLANG_WARN_EMPTY_BODY = YES;
				CLANG_WARN_ENUM_CONVERSION = YES;
				CLANG_WARN_INFINITE_RECURSION = YES;
				CLANG_WARN_INT_CONVERSION = YES;
				CLANG_WARN_NON_LITERAL_NULL_CONVERSION = YES;
				CLANG_WARN_OBJC_IMPLICIT_RETAIN_SELF = YES;
				CLANG_WARN_OBJC_LITERAL_CONVERSION = YES;
				CLANG_WARN_OBJC_ROOT_CLASS = YES_ERROR;
				CLANG_WARN_RANGE_LOOP_ANALYSIS = YES;
				CLANG_WARN_STRICT_PROTOTYPES = YES;
				CLANG_WARN_SUSPICIOUS_MOVE = YES;
				CLANG_WARN_UNGUARDED_AVAILABILITY = YES_AGGRESSIVE;
				CLANG_WARN_UNREACHABLE_CODE = YES;
				CLANG_WARN__DUPLICATE_METHOD_MATCH = YES;
				COPY_PHASE_STRIP = NO;
				DEBUG_INFORMATION_FORMAT = "dwarf-with-dsym";
				ENABLE_NS_ASSERTIONS = NO;
				ENABLE_STRICT_OBJC_MSGSEND = YES;
				GCC_C_LANGUAGE_STANDARD = gnu11;
				GCC_NO_COMMON_BLOCKS = YES;
				GCC_WARN_64_TO_32_BIT_CONVERSION = YES;
				GCC_WARN_ABOUT_RETURN_TYPE = YES_ERROR;
				GCC_WARN_UNDECLARED_SELECTOR = YES;
				GCC_WARN_UNINITIALIZED_AUTOS = YES_AGGRESSIVE;
				GCC_WARN_UNUSED_FUNCTION = YES;
				GCC_WARN_UNUSED_VARIABLE = YES;
				IPHONEOS_DEPLOYMENT_TARGET = 13.6;
				MTL_ENABLE_DEBUG_INFO = NO;
				MTL_FAST_MATH = YES;
				SDKROOT = iphoneos;
				SWIFT_COMPILATION_MODE = wholemodule;
				SWIFT_OPTIMIZATION_LEVEL = "-O";
				VALIDATE_PRODUCT = YES;
			};
			name = Release;
		};
		AABE150924EC83C1000541AE /* Debug */ = {
			isa = XCBuildConfiguration;
			buildSettings = {
				ASSETCATALOG_COMPILER_APPICON_NAME = AppIcon;
				CODE_SIGN_STYLE = Automatic;
				DEVELOPMENT_ASSET_PATHS = "\"SwiftyJokes/Preview Content\"";
				DEVELOPMENT_TEAM = 43CCZ475Z8;
				ENABLE_PREVIEWS = YES;
				INFOPLIST_FILE = SwiftyJokes/Info.plist;
				LD_RUNPATH_SEARCH_PATHS = (
					"$(inherited)",
					"@executable_path/Frameworks",
				);
				PRODUCT_BUNDLE_IDENTIFIER = com.mark.henrich.SwiftyJokes;
				PRODUCT_NAME = "$(TARGET_NAME)";
				SWIFT_VERSION = 5.0;
				TARGETED_DEVICE_FAMILY = "1,2";
			};
			name = Debug;
		};
		AABE150A24EC83C1000541AE /* Release */ = {
			isa = XCBuildConfiguration;
			buildSettings = {
				ASSETCATALOG_COMPILER_APPICON_NAME = AppIcon;
				CODE_SIGN_STYLE = Automatic;
				DEVELOPMENT_ASSET_PATHS = "\"SwiftyJokes/Preview Content\"";
				DEVELOPMENT_TEAM = 43CCZ475Z8;
				ENABLE_PREVIEWS = YES;
				INFOPLIST_FILE = SwiftyJokes/Info.plist;
				LD_RUNPATH_SEARCH_PATHS = (
					"$(inherited)",
					"@executable_path/Frameworks",
				);
				PRODUCT_BUNDLE_IDENTIFIER = com.mark.henrich.SwiftyJokes;
				PRODUCT_NAME = "$(TARGET_NAME)";
				SWIFT_VERSION = 5.0;
				TARGETED_DEVICE_FAMILY = "1,2";
			};
			name = Release;
		};
/* End XCBuildConfiguration section */

/* Begin XCConfigurationList section */
		AABE14EF24EC83BE000541AE /* Build configuration list for PBXProject "SwiftyJokes" */ = {
			isa = XCConfigurationList;
			buildConfigurations = (
				AABE150624EC83C1000541AE /* Debug */,
				AABE150724EC83C1000541AE /* Release */,
			);
			defaultConfigurationIsVisible = 0;
			defaultConfigurationName = Release;
		};
		AABE150824EC83C1000541AE /* Build configuration list for PBXNativeTarget "SwiftyJokes" */ = {
			isa = XCConfigurationList;
			buildConfigurations = (
				AABE150924EC83C1000541AE /* Debug */,
				AABE150A24EC83C1000541AE /* Release */,
			);
			defaultConfigurationIsVisible = 0;
			defaultConfigurationName = Release;
		};
/* End XCConfigurationList section */
	};
	rootObject = AABE14EC24EC83BE000541AE /* Project object */;
}
